
Microsoft Visual Studio Solution File, Format Version 12.00
# Visual Studio Version 17
VisualStudioVersion = 17.3.32825.248
MinimumVisualStudioVersion = 10.0.40219.1
Project("{FAE04EC0-301F-11D3-BF4B-00C04F79EFBC}") = "WingetUpgrade", "WingetUpgrade.csproj", "{4C29DF70-9F94-4B18-990A-F5F001062F71}"
EndProject
Global
	GlobalSection(SolutionConfigurationPlatforms) = preSolution
		Debug|Any CPU = Debug|Any CPU
		Release|Any CPU = Release|Any CPU
	EndGlobalSection
	GlobalSection(ProjectConfigurationPlatforms) = postSolution
		{4C29DF70-9F94-4B18-990A-F5F001062F71}.Debug|Any CPU.ActiveCfg = Debug|Any CPU
		{4C29DF70-9F94-4B18-990A-F5F001062F71}.Debug|Any CPU.Build.0 = Debug|Any CPU
		{4C29DF70-9F94-4B18-990A-F5F001062F71}.Release|Any CPU.ActiveCfg = Release|Any CPU
		{4C29DF70-9F94-4B18-990A-F5F001062F71}.Release|Any CPU.Build.0 = Release|Any CPU
	EndGlobalSection
	GlobalSection(SolutionProperties) = preSolution
		HideSolutionNode = FALSE
	EndGlobalSection
	GlobalSection(ExtensibilityGlobals) = postSolution
		SolutionGuid = {EA2FDCF3-3F07-4A2A-A9F6-578BA3F4EFEC}
	EndGlobalSection
EndGlobal
